Microsoft Visual Studio Solution File, Format Version 12.00
# Visual Studio Version 16
VisualStudioVersion = 16.0.30505.203
MinimumVisualStudioVersion = 10.0.40219.1
Project("{FAE04EC0-301F-11D3-BF4B-00C04F79EFBC}") = "connectback", "connectback.csproj", "{48C2C3B3-8651-4A13-BF8B-52A3B5A41B8C}"
EndProject
Global
	GlobalSection(SolutionConfigurationPlatforms) = preSolution
		Debug|Any CPU = Debug|Any CPU
		Release|Any CPU = Release|Any CPU
	EndGlobalSection
	GlobalSection(ProjectConfigurationPlatforms) = postSolution
		{48C2C3B3-8651-4A13-BF8B-52A3B5A41B8C}.Debug|Any CPU.ActiveCfg = Debug|Any CPU
		{48C2C3B3-8651-4A13-BF8B-52A3B5A41B8C}.Debug|Any CPU.Build.0 = Debug|Any CPU
		{48C2C3B3-8651-4A13-BF8B-52A3B5A41B8C}.Release|Any CPU.ActiveCfg = Release|Any CPU
		{48C2C3B3-8651-4A13-BF8B-52A3B5A41B8C}.Release|Any CPU.Build.0 = Release|Any CPU
	EndGlobalSection
	GlobalSection(SolutionProperties) = preSolution
		HideSolutionNode = FALSE
	EndGlobalSection
	GlobalSection(ExtensibilityGlobals) = postSolution
		SolutionGuid = {0B05EAC0-FAF0-4B29-BCF8-67A6B19E6B0F}
	EndGlobalSection
EndGlobal
